# THIS IS AN AUTOGENERATED FILE. DO NOT EDIT THIS FILE DIRECTLY.
# yarn lockfile v1


"@tsconfig/node10@^1.0.7":
  version "1.0.8"
  resolved "https://registry.nlark.com/@tsconfig/node10/download/@tsconfig/node10-1.0.8.tgz#c1e4e80d6f964fbecb3359c43bd48b40f7cadad9"
  integrity sha1-weToDW+WT77LM1nEO9SLQPfK2tk=

"@tsconfig/node12@^1.0.7":
  version "1.0.9"
  resolved "https://registry.nlark.com/@tsconfig/node12/download/@tsconfig/node12-1.0.9.tgz#62c1f6dee2ebd9aead80dc3afa56810e58e1a04c"
  integrity sha1-YsH23uLr2a6tgNw6+laBDljhoEw=

"@tsconfig/node14@^1.0.0":
  version "1.0.1"
  resolved "https://registry.nlark.com/@tsconfig/node14/download/@tsconfig/node14-1.0.1.tgz#95f2d167ffb9b8d2068b0b235302fafd4df711f2"
  integrity sha1-lfLRZ/+5uNIGiwsjUwL6/U33EfI=

"@tsconfig/node16@^1.0.1":
  version "1.0.2"
  resolved "https://registry.nlark.com/@tsconfig/node16/download/@tsconfig/node16-1.0.2.tgz#423c77877d0569db20e1fc80885ac4118314010e"
  integrity sha1-Qjx3h30Fadsg4fyAiFrEEYMUAQ4=

"@types/node@^16.4.9":
  version "16.4.9"
  resolved "https://registry.nlark.com/@types/node/download/@types/node-16.4.9.tgz?cache=0&sync_timestamp=1627772557341&other_urls=https%3A%2F%2Fregistry.nlark.com%2F%40types%2Fnode%2Fdownload%2F%40types%2Fnode-16.4.9.tgz#04eb3da65d08ea377f5e682bf0d22dc1f5e7f19e"
  integrity sha1-BOs9pl0I6jd/Xmgr8NItwfXn8Z4=

abort-controller@^3.0.0:
  version "3.0.0"
  resolved "https://registry.npm.taobao.org/abort-controller/download/abort-controller-3.0.0.tgz#eaf54d53b62bae4138e809ca225c8439a6efb392"
  integrity sha1-6vVNU7YrrkE46AnKIlyEOabvs5I=
  dependencies:
    event-target-shim "^5.0.0"

agent-base@6:
  version "6.0.2"
  resolved "https://registry.nlark.com/agent-base/download/agent-base-6.0.2.tgz#49fff58577cfee3f37176feab4c22e00f86d7f77"
  integrity sha1-Sf/1hXfP7j83F2/qtMIuAPhtf3c=
  dependencies:
    debug "4"

arg@^4.1.0:
  version "4.1.3"
  resolved "https://registry.nlark.com/arg/download/arg-4.1.3.tgz?cache=0&sync_timestamp=1618847141770&other_urls=https%3A%2F%2Fregistry.nlark.com%2Farg%2Fdownload%2Farg-4.1.3.tgz#269fc7ad5b8e42cb63c896d5666017261c144089"
  integrity sha1-Jp/HrVuOQstjyJbVZmAXJhwUQIk=

axios@^0.21.1:
  version "0.21.1"
  resolved "https://registry.npm.taobao.org/axios/download/axios-0.21.1.tgz#22563481962f4d6bde9a76d516ef0e5d3c09b2b8"
  integrity sha1-IlY0gZYvTWvemnbVFu8OXTwJsrg=
  dependencies:
    follow-redirects "^1.10.0"

buffer-alloc-unsafe@^1.1.0:
  version "1.1.0"
  resolved "https://registry.npm.taobao.org/buffer-alloc-unsafe/download/buffer-alloc-unsafe-1.1.0.tgz#bd7dc26ae2972d0eda253be061dba992349c19f0"
  integrity sha1-vX3CauKXLQ7aJTvgYdupkjScGfA=

buffer-alloc@^1.2.0:
  version "1.2.0"
  resolved "https://registry.nlark.com/buffer-alloc/download/buffer-alloc-1.2.0.tgz#890dd90d923a873e08e10e5fd51a57e5b7cce0ec"
  integrity sha1-iQ3ZDZI6hz4I4Q5f1RpX5bfM4Ow=
  dependencies:
    buffer-alloc-unsafe "^1.1.0"
    buffer-fill "^1.0.0"

buffer-fill@^1.0.0:
  version "1.0.0"
  resolved "https://registry.nlark.com/buffer-fill/download/buffer-fill-1.0.0.tgz#f8f78b76789888ef39f205cd637f68e702122b2c"
  integrity sha1-+PeLdniYiO858gXNY39o5wISKyw=

buffer-from@^1.0.0:
  version "1.1.2"
  resolved "https://registry.nlark.com/buffer-from/download/buffer-from-1.1.2.tgz?cache=0&sync_timestamp=1627578361955&other_urls=https%3A%2F%2Fregistry.nlark.com%2Fbuffer-from%2Fdownload%2Fbuffer-from-1.1.2.tgz#2b146a6fd72e80b4f55d255f35ed59a3a9a41bd5"
  integrity sha1-KxRqb9cugLT1XSVfNe1Zo6mkG9U=

create-require@^1.1.0:
  version "1.1.1"
  resolved "https://registry.npm.taobao.org/create-require/download/create-require-1.1.1.tgz#c1d7e8f1e5f6cfc9ff65f9cd352d37348756c333"
  integrity sha1-wdfo8eX2z8n/ZfnNNS03NIdWwzM=

debug@4, debug@^4.3.1:
  version "4.3.2"
  resolved "https://registry.nlark.com/debug/download/debug-4.3.2.tgz?cache=0&sync_timestamp=1625374653719&other_urls=https%3A%2F%2Fregistry.nlark.com%2Fdebug%2Fdownload%2Fdebug-4.3.2.tgz#f0a49c18ac8779e31d4a0c6029dfb76873c7428b"
  integrity sha1-8KScGKyHeeMdSgxgKd+3aHPHQos=
  dependencies:
    ms "2.1.2"

diff@^4.0.1:
  version "4.0.2"
  resolved "https://registry.nlark.com/diff/download/diff-4.0.2.tgz#60f3aecb89d5fae520c11aa19efc2bb982aade7d"
  integrity sha1-YPOuy4nV+uUgwRqhnvwruYKq3n0=

dotenv@^10.0.0:
  version "10.0.0"
  resolved "https://registry.nlark.com/dotenv/download/dotenv-10.0.0.tgz#3d4227b8fb95f81096cdd2b66653fb2c7085ba81"
  integrity sha1-PUInuPuV+BCWzdK2ZlP7LHCFuoE=

event-target-shim@^5.0.0:
  version "5.0.1"
  resolved "https://registry.npm.taobao.org/event-target-shim/download/event-target-shim-5.0.1.tgz#5d4d3ebdf9583d63a5333ce2deb7480ab2b05789"
  integrity sha1-XU0+vflYPWOlMzzi3rdICrKwV4k=

follow-redirects@^1.10.0:
  version "1.14.1"
  resolved "https://registry.nlark.com/follow-redirects/download/follow-redirects-1.14.1.tgz#d9114ded0a1cfdd334e164e6662ad02bfd91ff43"
  integrity sha1-2RFN7Qoc/dM04WTmZirQK/2R/0M=

https-proxy-agent@^5.0.0:
  version "5.0.0"
  resolved "https://registry.nlark.com/https-proxy-agent/download/https-proxy-agent-5.0.0.tgz#e2a90542abb68a762e0a0850f6c9edadfd8506b2"
  integrity sha1-4qkFQqu2inYuCghQ9sntrf2FBrI=
  dependencies:
    agent-base "6"
    debug "4"

make-error@^1.1.1:
  version "1.3.6"
  resolved "https://registry.nlark.com/make-error/download/make-error-1.3.6.tgz#2eb2e37ea9b67c4891f684a1394799af484cf7a2"
  integrity sha1-LrLjfqm2fEiR9oShOUeZr0hM96I=

minimist@^1.2.5:
  version "1.2.5"
  resolved "https://registry.nlark.com/minimist/download/minimist-1.2.5.tgz#67d66014b66a6a8aaa0c083c5fd58df4e4e97602"
  integrity sha1-Z9ZgFLZqaoqqDAg8X9WN9OTpdgI=

module-alias@^2.2.2:
  version "2.2.2"
  resolved "https://registry.npm.taobao.org/module-alias/download/module-alias-2.2.2.tgz#151cdcecc24e25739ff0aa6e51e1c5716974c0e0"
  integrity sha1-FRzc7MJOJXOf8KpuUeHFcWl0wOA=

ms@2.1.2:
  version "2.1.2"
  resolved "https://registry.npm.taobao.org/ms/download/ms-2.1.2.tgz?cache=0&sync_timestamp=1607433912031&other_urls=https%3A%2F%2Fregistry.npm.taobao.org%2Fms%2Fdownload%2Fms-2.1.2.tgz#d09d1f357b443f493382a8eb3ccd183872ae6009"
  integrity sha1-0J0fNXtEP0kzgqjrPM0YOHKuYAk=

node-fetch@^2.6.1:
  version "2.6.1"
  resolved "https://registry.nlark.com/node-fetch/download/node-fetch-2.6.1.tgz?cache=0&sync_timestamp=1626684723711&other_urls=https%3A%2F%2Fregistry.nlark.com%2Fnode-fetch%2Fdownload%2Fnode-fetch-2.6.1.tgz#045bd323631f76ed2e2b55573394416b639a0052"
  integrity sha1-BFvTI2Mfdu0uK1VXM5RBa2OaAFI=

p-timeout@^4.1.0:
  version "4.1.0"
  resolved "https://registry.nlark.com/p-timeout/download/p-timeout-4.1.0.tgz#788253c0452ab0ffecf18a62dff94ff1bd09ca0a"
  integrity sha1-eIJTwEUqsP/s8Ypi3/lP8b0Jygo=

safe-compare@^1.1.4:
  version "1.1.4"
  resolved "https://registry.nlark.com/safe-compare/download/safe-compare-1.1.4.tgz#5e0128538a82820e2e9250cd78e45da6786ba593"
  integrity sha1-XgEoU4qCgg4uklDNeORdpnhrpZM=
  dependencies:
    buffer-alloc "^1.2.0"

sandwich-stream@^2.0.2:
  version "2.0.2"
  resolved "https://registry.nlark.com/sandwich-stream/download/sandwich-stream-2.0.2.tgz#6d1feb6cf7e9fe9fadb41513459a72c2e84000fa"
  integrity sha1-bR/rbPfp/p+ttBUTRZpywuhAAPo=

source-map-support@^0.5.17:
  version "0.5.19"
  resolved "https://registry.npm.taobao.org/source-map-support/download/source-map-support-0.5.19.tgz#a98b62f86dcaf4f67399648c085291ab9e8fed61"
  integrity sha1-qYti+G3K9PZzmWSMCFKRq56P7WE=
  dependencies:
    buffer-from "^1.0.0"
    source-map "^0.6.0"

source-map@^0.6.0:
  version "0.6.1"
  resolved "https://registry.npm.taobao.org/source-map/download/source-map-0.6.1.tgz#74722af32e9614e9c287a8d0bbde48b5e2f1a263"
  integrity sha1-dHIq8y6WFOnCh6jQu95IteLxomM=

telegraf@^4.4.1:
  version "4.4.1"
  resolved "https://registry.nlark.com/telegraf/download/telegraf-4.4.1.tgz#f7a9c82db17417149494aa63f9956e3484ffdcf6"
  integrity sha1-96nILbF0FxSUlKpj+ZVuNIT/3PY=
  dependencies:
    abort-controller "^3.0.0"
    debug "^4.3.1"
    minimist "^1.2.5"
    module-alias "^2.2.2"
    node-fetch "^2.6.1"
    p-timeout "^4.1.0"
    safe-compare "^1.1.4"
    sandwich-stream "^2.0.2"
    typegram "^3.4.2"

ts-node@^10.1.0:
  version "10.1.0"
  resolved "https://registry.nlark.com/ts-node/download/ts-node-10.1.0.tgz?cache=0&sync_timestamp=1625870148361&other_urls=https%3A%2F%2Fregistry.nlark.com%2Fts-node%2Fdownload%2Fts-node-10.1.0.tgz#e656d8ad3b61106938a867f69c39a8ba6efc966e"
  integrity sha1-5lbYrTthEGk4qGf2nDmoum78lm4=
  dependencies:
    "@tsconfig/node10" "^1.0.7"
    "@tsconfig/node12" "^1.0.7"
    "@tsconfig/node14" "^1.0.0"
    "@tsconfig/node16" "^1.0.1"
    arg "^4.1.0"
    create-require "^1.1.0"
    diff "^4.0.1"
    make-error "^1.1.1"
    source-map-support "^0.5.17"
    yn "3.1.1"

typegram@^3.4.2:
  version "3.4.2"
  resolved "https://registry.nlark.com/typegram/download/typegram-3.4.2.tgz#b2c11e745c9b7aafb6f76eb973f61958431ea392"
  integrity sha1-ssEedFybeq+29265c/YZWEMeo5I=

typescript@^4.3.5:
  version "4.3.5"
  resolved "https://registry.nlark.com/typescript/download/typescript-4.3.5.tgz?cache=0&sync_timestamp=1627802318164&other_urls=https%3A%2F%2Fregistry.nlark.com%2Ftypescript%2Fdownload%2Ftypescript-4.3.5.tgz#4d1c37cc16e893973c45a06886b7113234f119f4"
  integrity sha1-TRw3zBbok5c8RaBohrcRMjTxGfQ=

yn@3.1.1:
  version "3.1.1"
  resolved "https://registry.npm.taobao.org/yn/download/yn-3.1.1.tgz#1e87401a09d767c1d5eab26a6e4c185182d2eb50"
  integrity sha1-HodAGgnXZ8HV6rJqbkwYUYLS61A=
